
Microsoft Visual Studio Solution File, Format Version 12.00
# Visual Studio Version 17
VisualStudioVersion = 17.6.33723.286
MinimumVisualStudioVersion = 10.0.40219.1
Project("{FAE04EC0-301F-11D3-BF4B-00C04F79EFBC}") = "AirTicket", "AirTicket\AirTicket.csproj", "{35CB4A36-D1A9-410D-A0A0-E3106D475CD8}"
EndProject
Global
	GlobalSection(SolutionConfigurationPlatforms) = preSolution
		Debug|Any CPU = Debug|Any CPU
		Release|Any CPU = Release|Any CPU
	EndGlobalSection
	GlobalSection(ProjectConfigurationPlatforms) = postSolution
		{35CB4A36-D1A9-410D-A0A0-E3106D475CD8}.Debug|Any CPU.ActiveCfg = Debug|Any CPU
		{35CB4A36-D1A9-410D-A0A0-E3106D475CD8}.Debug|Any CPU.Build.0 = Debug|Any CPU
		{35CB4A36-D1A9-410D-A0A0-E3106D475CD8}.Release|Any CPU.ActiveCfg = Release|Any CPU
		{35CB4A36-D1A9-410D-A0A0-E3106D475CD8}.Release|Any CPU.Build.0 = Release|Any CPU
	EndGlobalSection
	GlobalSection(SolutionProperties) = preSolution
		HideSolutionNode = FALSE
	EndGlobalSection
	GlobalSection(ExtensibilityGlobals) = postSolution
		SolutionGuid = {7F750033-14AD-476F-A1D0-C59DA53C330F}
	EndGlobalSection
EndGlobal
